
Microsoft Visual Studio Solution File, Format Version 12.00
# Visual Studio Version 16
VisualStudioVersion = 16.0.31613.86
MinimumVisualStudioVersion = 10.0.40219.1
Project("{FAE04EC0-301F-11D3-BF4B-00C04F79EFBC}") = "Textpad", "Textpad\Textpad.csproj", "{9C3EC227-5EE9-47B3-BC08-B6DA860C6159}"
EndProject
Project("{FAE04EC0-301F-11D3-BF4B-00C04F79EFBC}") = "logictext", "logictext\logictext.csproj", "{1973FDCB-F3B0-43B8-89AF-D47BA60D63EC}"
EndProject
Global
	GlobalSection(SolutionConfigurationPlatforms) = preSolution
		Debug|Any CPU = Debug|Any CPU
		Release|Any CPU = Release|Any CPU
	EndGlobalSection
	GlobalSection(ProjectConfigurationPlatforms) = postSolution
		{9C3EC227-5EE9-47B3-BC08-B6DA860C6159}.Debug|Any CPU.ActiveCfg = Release|Any CPU
		{9C3EC227-5EE9-47B3-BC08-B6DA860C6159}.Debug|Any CPU.Build.0 = Release|Any CPU
		{9C3EC227-5EE9-47B3-BC08-B6DA860C6159}.Release|Any CPU.ActiveCfg = Release|Any CPU
		{9C3EC227-5EE9-47B3-BC08-B6DA860C6159}.Release|Any CPU.Build.0 = Release|Any CPU
		{1973FDCB-F3B0-43B8-89AF-D47BA60D63EC}.Debug|Any CPU.ActiveCfg = Release|Any CPU
		{1973FDCB-F3B0-43B8-89AF-D47BA60D63EC}.Debug|Any CPU.Build.0 = Release|Any CPU
		{1973FDCB-F3B0-43B8-89AF-D47BA60D63EC}.Release|Any CPU.ActiveCfg = Release|Any CPU
		{1973FDCB-F3B0-43B8-89AF-D47BA60D63EC}.Release|Any CPU.Build.0 = Release|Any CPU
	EndGlobalSection
	GlobalSection(SolutionProperties) = preSolution
		HideSolutionNode = FALSE
	EndGlobalSection
	GlobalSection(ExtensibilityGlobals) = postSolution
		SolutionGuid = {1B71AB9F-E485-4B56-B48C-0CE5FA14187D}
	EndGlobalSection
EndGlobal
